
Microsoft Visual Studio Solution File, Format Version 12.00
# Visual Studio 15
VisualStudioVersion = 15.0.28307.489
MinimumVisualStudioVersion = 10.0.40219.1
Project("{FAE04EC0-301F-11D3-BF4B-00C04F79EFBC}") = "ConsoleApp21", "ConsoleApp21\ConsoleApp21.csproj", "{58799024-D908-456B-9BA1-F78DCA91D443}"
EndProject
Global
	GlobalSection(SolutionConfigurationPlatforms) = preSolution
		Debug|Any CPU = Debug|Any CPU
		Release|Any CPU = Release|Any CPU
	EndGlobalSection
	GlobalSection(ProjectConfigurationPlatforms) = postSolution
		{58799024-D908-456B-9BA1-F78DCA91D443}.Debug|Any CPU.ActiveCfg = Debug|Any CPU
		{58799024-D908-456B-9BA1-F78DCA91D443}.Debug|Any CPU.Build.0 = Debug|Any CPU
		{58799024-D908-456B-9BA1-F78DCA91D443}.Release|Any CPU.ActiveCfg = Release|Any CPU
		{58799024-D908-456B-9BA1-F78DCA91D443}.Release|Any CPU.Build.0 = Release|Any CPU
	EndGlobalSection
	GlobalSection(SolutionProperties) = preSolution
		HideSolutionNode = FALSE
	EndGlobalSection
	GlobalSection(ExtensibilityGlobals) = postSolution
		SolutionGuid = {75265D33-7100-4109-9C2A-D00848722F2E}
	EndGlobalSection
EndGlobal
